
Microsoft Visual Studio Solution File, Format Version 12.00
Project("{FAE04EC0-301F-11D3-BF4B-00C04F79EFBC}") = "TestFainal_01", "TestFainal_01\TestFainal_01.csproj", "{52799F49-1AD3-45BC-9E2D-3B6B7D303A19}"
EndProject
Global
	GlobalSection(SolutionConfigurationPlatforms) = preSolution
		Debug|Any CPU = Debug|Any CPU
		Release|Any CPU = Release|Any CPU
	EndGlobalSection
	GlobalSection(ProjectConfigurationPlatforms) = postSolution
		{52799F49-1AD3-45BC-9E2D-3B6B7D303A19}.Debug|Any CPU.ActiveCfg = Debug|Any CPU
		{52799F49-1AD3-45BC-9E2D-3B6B7D303A19}.Debug|Any CPU.Build.0 = Debug|Any CPU
		{52799F49-1AD3-45BC-9E2D-3B6B7D303A19}.Release|Any CPU.ActiveCfg = Release|Any CPU
		{52799F49-1AD3-45BC-9E2D-3B6B7D303A19}.Release|Any CPU.Build.0 = Release|Any CPU
	EndGlobalSection
EndGlobal
